
Microsoft Visual Studio Solution File, Format Version 12.00
# Visual Studio Version 17
VisualStudioVersion = 17.2.32616.157
MinimumVisualStudioVersion = 10.0.40219.1
Project("{FAE04EC0-301F-11D3-BF4B-00C04F79EFBC}") = "Inventory", "Inventory\Inventory.csproj", "{1048ED82-069A-408B-8148-EA342D168C3B}"
EndProject
Global
	GlobalSection(SolutionConfigurationPlatforms) = preSolution
		Debug|Any CPU = Debug|Any CPU
		Release|Any CPU = Release|Any CPU
	EndGlobalSection
	GlobalSection(ProjectConfigurationPlatforms) = postSolution
		{1048ED82-069A-408B-8148-EA342D168C3B}.Debug|Any CPU.ActiveCfg = Debug|Any CPU
		{1048ED82-069A-408B-8148-EA342D168C3B}.Debug|Any CPU.Build.0 = Debug|Any CPU
		{1048ED82-069A-408B-8148-EA342D168C3B}.Release|Any CPU.ActiveCfg = Release|Any CPU
		{1048ED82-069A-408B-8148-EA342D168C3B}.Release|Any CPU.Build.0 = Release|Any CPU
	EndGlobalSection
	GlobalSection(SolutionProperties) = preSolution
		HideSolutionNode = FALSE
	EndGlobalSection
	GlobalSection(ExtensibilityGlobals) = postSolution
		SolutionGuid = {36B7D5BC-DBB1-48A9-854E-B3B57E48E9BA}
	EndGlobalSection
EndGlobal
