
Microsoft Visual Studio Solution File, Format Version 12.00
# Visual Studio Version 17
VisualStudioVersion = 17.2.32616.157
MinimumVisualStudioVersion = 10.0.40219.1
Project("{FAE04EC0-301F-11D3-BF4B-00C04F79EFBC}") = "PedidosFraudulentos", "PedidosFraudulentos\PedidosFraudulentos.csproj", "{A832D3EE-A9A8-49BD-B156-BC9BD0FE38DD}"
EndProject
Global
	GlobalSection(SolutionConfigurationPlatforms) = preSolution
		Debug|Any CPU = Debug|Any CPU
		Release|Any CPU = Release|Any CPU
	EndGlobalSection
	GlobalSection(ProjectConfigurationPlatforms) = postSolution
		{A832D3EE-A9A8-49BD-B156-BC9BD0FE38DD}.Debug|Any CPU.ActiveCfg = Debug|Any CPU
		{A832D3EE-A9A8-49BD-B156-BC9BD0FE38DD}.Debug|Any CPU.Build.0 = Debug|Any CPU
		{A832D3EE-A9A8-49BD-B156-BC9BD0FE38DD}.Release|Any CPU.ActiveCfg = Release|Any CPU
		{A832D3EE-A9A8-49BD-B156-BC9BD0FE38DD}.Release|Any CPU.Build.0 = Release|Any CPU
	EndGlobalSection
	GlobalSection(SolutionProperties) = preSolution
		HideSolutionNode = FALSE
	EndGlobalSection
	GlobalSection(ExtensibilityGlobals) = postSolution
		SolutionGuid = {8C0A5235-9511-4B0A-87EF-1A69629BEFBA}
	EndGlobalSection
EndGlobal
