
Microsoft Visual Studio Solution File, Format Version 12.00
# Visual Studio Version 17
VisualStudioVersion = 17.4.33213.308
MinimumVisualStudioVersion = 10.0.40219.1
Project("{9A19103F-16F7-4668-BE54-9A1E7A4F7556}") = "Ejercicio1", "Ejercicio1\Ejercicio1.csproj", "{440E001D-D802-43AE-82E1-98DFB2207738}"
EndProject
Project("{FAE04EC0-301F-11D3-BF4B-00C04F79EFBC}") = "Ejercicio2", "..\Ejercicio2\Ejercicio2\Ejercicio2.csproj", "{E6DCDC40-25F6-4F4F-B473-BAA447FF63F5}"
EndProject
Global
	GlobalSection(SolutionConfigurationPlatforms) = preSolution
		Debug|Any CPU = Debug|Any CPU
		Release|Any CPU = Release|Any CPU
	EndGlobalSection
	GlobalSection(ProjectConfigurationPlatforms) = postSolution
		{440E001D-D802-43AE-82E1-98DFB2207738}.Debug|Any CPU.ActiveCfg = Debug|Any CPU
		{440E001D-D802-43AE-82E1-98DFB2207738}.Debug|Any CPU.Build.0 = Debug|Any CPU
		{440E001D-D802-43AE-82E1-98DFB2207738}.Release|Any CPU.ActiveCfg = Release|Any CPU
		{440E001D-D802-43AE-82E1-98DFB2207738}.Release|Any CPU.Build.0 = Release|Any CPU
		{E6DCDC40-25F6-4F4F-B473-BAA447FF63F5}.Debug|Any CPU.ActiveCfg = Debug|Any CPU
		{E6DCDC40-25F6-4F4F-B473-BAA447FF63F5}.Debug|Any CPU.Build.0 = Debug|Any CPU
		{E6DCDC40-25F6-4F4F-B473-BAA447FF63F5}.Release|Any CPU.ActiveCfg = Release|Any CPU
		{E6DCDC40-25F6-4F4F-B473-BAA447FF63F5}.Release|Any CPU.Build.0 = Release|Any CPU
	EndGlobalSection
	GlobalSection(SolutionProperties) = preSolution
		HideSolutionNode = FALSE
	EndGlobalSection
	GlobalSection(ExtensibilityGlobals) = postSolution
		SolutionGuid = {58A337EF-DF45-48CC-90A4-DAA152CEBE82}
	EndGlobalSection
EndGlobal
