
Microsoft Visual Studio Solution File, Format Version 12.00
# Visual Studio Version 17
VisualStudioVersion = 17.2.32630.192
MinimumVisualStudioVersion = 10.0.40219.1
Project("{FAE04EC0-301F-11D3-BF4B-00C04F79EFBC}") = "fizzbuzz", "fizzbuzz\fizzbuzz.csproj", "{BC0E80DD-5ED1-4440-8C36-CCAA54492E33}"
EndProject
Global
	GlobalSection(SolutionConfigurationPlatforms) = preSolution
		Debug|Any CPU = Debug|Any CPU
		Release|Any CPU = Release|Any CPU
	EndGlobalSection
	GlobalSection(ProjectConfigurationPlatforms) = postSolution
		{BC0E80DD-5ED1-4440-8C36-CCAA54492E33}.Debug|Any CPU.ActiveCfg = Debug|Any CPU
		{BC0E80DD-5ED1-4440-8C36-CCAA54492E33}.Debug|Any CPU.Build.0 = Debug|Any CPU
		{BC0E80DD-5ED1-4440-8C36-CCAA54492E33}.Release|Any CPU.ActiveCfg = Release|Any CPU
		{BC0E80DD-5ED1-4440-8C36-CCAA54492E33}.Release|Any CPU.Build.0 = Release|Any CPU
	EndGlobalSection
	GlobalSection(SolutionProperties) = preSolution
		HideSolutionNode = FALSE
	EndGlobalSection
	GlobalSection(ExtensibilityGlobals) = postSolution
		SolutionGuid = {710AB2BE-2E97-456F-86BB-3B94053A0646}
	EndGlobalSection
EndGlobal
